// !$*UTF8*$!
{
	archiveVersion = 1;
	classes = {
	};
	objectVersion = 50;
	objects = {

/* Begin PBXBuildFile section */
		5E4A2E4D25C3F6B10067620D /* AppDelegate.swift in Sources */ = {isa = PBXBuildFile; fileRef = 5E4A2E4C25C3F6B10067620D /* AppDelegate.swift */; };
		5E4A2E4F25C3F6B10067620D /* SceneDelegate.swift in Sources */ = {isa = PBXBuildFile; fileRef = 5E4A2E4E25C3F6B10067620D /* SceneDelegate.swift */; };
		5E4A2E5125C3F6B10067620D /* ViewController.swift in Sources */ = {isa = PBXBuildFile; fileRef = 5E4A2E5025C3F6B10067620D /* ViewController.swift */; };
		5E4A2E5425C3F6B10067620D /* Main.storyboard in Resources */ = {isa = PBXBuildFile; fileRef = 5E4A2E5225C3F6B10067620D /* Main.storyboard */; };
		5E4A2E5625C3F6B50067620D /* Assets.xcassets in Resources */ = {isa = PBXBuildFile; fileRef = 5E4A2E5525C3F6B50067620D /* Assets.xcassets */; };
		5E4A2E5925C3F6B50067620D /* LaunchScreen.storyboard in Resources */ = {isa = PBXBuildFile; fileRef = 5E4A2E5725C3F6B50067620D /* LaunchScreen.storyboard */; };
/* End PBXBuildFile section */

/* Begin PBXFileReference section */
		5E4A2E4925C3F6B10067620D /* Game_Standford.app */ = {isa = PBXFileReference; explicitFileType = wrapper.application; includeInIndex = 0; path = Game_Standford.app; sourceTree = BUILT_PRODUCTS_DIR; };
		5E4A2E4C25C3F6B10067620D /* AppDelegate.swift */ = {isa = PBXFileReference; lastKnownFileType = sourcecode.swift; path = AppDelegate.swift; sourceTree = "<group>"; };
		5E4A2E4E25C3F6B10067620D /* SceneDelegate.swift */ = {isa = PBXFileReference; lastKnownFileType = sourcecode.swift; path = SceneDelegate.swift; sourceTree = "<group>"; };
		5E4A2E5025C3F6B10067620D /* ViewController.swift */ = {isa = PBXFileReference; lastKnownFileType = sourcecode.swift; path = ViewController.swift; sourceTree = "<group>"; };
		5E4A2E5325C3F6B10067620D /* Base */ = {isa = PBXFileReference; lastKnownFileType = file.storyboard; name = Base; path = Base.lproj/Main.storyboard; sourceTree = "<group>"; };
		5E4A2E5525C3F6B50067620D /* Assets.xcassets */ = {isa = PBXFileReference; lastKnownFileType = folder.assetcatalog; path = Assets.xcassets; sourceTree = "<group>"; };
		5E4A2E5825C3F6B50067620D /* Base */ = {isa = PBXFileReference; lastKnownFileType = file.storyboard; name = Base; path = Base.lproj/LaunchScreen.storyboard; sourceTree = "<group>"; };
		5E4A2E5A25C3F6B50067620D /* Info.plist */ = {isa = PBXFileReference; lastKnownFileType = text.plist.xml; path = Info.plist; sourceTree = "<group>"; };
/* End PBXFileReference section */

/* Begin PBXFrameworksBuildPhase section */
		5E4A2E4625C3F6B10067620D /* Frameworks */ = {
			isa = PBXFrameworksBuildPhase;
			buildActionMask = 2147483647;
			files = (
			);
			runOnlyForDeploymentPostprocessing = 0;
		};
/* End PBXFrameworksBuildPhase section */

/* Begin PBXGroup section */
		5E4A2E4025C3F6B10067620D = {
			isa = PBXGroup;
			children = (
				5E4A2E4B25C3F6B10067620D /* Game_Standford */,
				5E4A2E4A25C3F6B10067620D /* Products */,
			);
			sourceTree = "<group>";
		};
		5E4A2E4A25C3F6B10067620D /* Products */ = {
			isa = PBXGroup;
			children = (
				5E4A2E4925C3F6B10067620D /* Game_Standford.app */,
			);
			name = Products;
			sourceTree = "<group>";
		};
		5E4A2E4B25C3F6B10067620D /* Game_Standford */ = {
			isa = PBXGroup;
			children = (
				5E4A2E4C25C3F6B10067620D /* AppDelegate.swift */,
				5E4A2E4E25C3F6B10067620D /* SceneDelegate.swift */,
				5E4A2E5025C3F6B10067620D /* ViewController.swift */,
				5E4A2E5225C3F6B10067620D /* Main.storyboard */,
				5E4A2E5525C3F6B50067620D /* Assets.xcassets */,
				5E4A2E5725C3F6B50067620D /* LaunchScreen.storyboard */,
				5E4A2E5A25C3F6B50067620D /* Info.plist */,
			);
			path = Game_Standford;
			sourceTree = "<group>";
		};
/* End PBXGroup section */

/* Begin PBXNativeTarget section */
		5E4A2E4825C3F6B10067620D /* Game_Standford */ = {
			isa = PBXNativeTarget;
			buildConfigurationList = 5E4A2E5D25C3F6B50067620D /* Build configuration list for PBXNativeTarget "Game_Standford" */;
			buildPhases = (
				5E4A2E4525C3F6B10067620D /* Sources */,
				5E4A2E4625C3F6B10067620D /* Frameworks */,
				5E4A2E4725C3F6B10067620D /* Resources */,
			);
			buildRules = (
			);
			dependencies = (
			);
			name = Game_Standford;
			productName = Game_Standford;
			productReference = 5E4A2E4925C3F6B10067620D /* Game_Standford.app */;
			productType = "com.apple.product-type.application";
		};
/* End PBXNativeTarget section */

/* Begin PBXProject section */
		5E4A2E4125C3F6B10067620D /* Project object */ = {
			isa = PBXProject;
			attributes = {
				LastSwiftUpdateCheck = 1160;
				LastUpgradeCheck = 1160;
				ORGANIZATIONNAME = test;
				TargetAttributes = {
					5E4A2E4825C3F6B10067620D = {
						CreatedOnToolsVersion = 11.6;
					};
				};
			};
			buildConfigurationList = 5E4A2E4425C3F6B10067620D /* Build configuration list for PBXProject "Game_Standford" */;
			compatibilityVersion = "Xcode 9.3";
			developmentRegion = en;
			hasScannedForEncodings = 0;
			knownRegions = (
				en,
				Base,
			);
			mainGroup = 5E4A2E4025C3F6B10067620D;
			productRefGroup = 5E4A2E4A25C3F6B10067620D /* Products */;
			projectDirPath = "";
			projectRoot = "";
			targets = (
				5E4A2E4825C3F6B10067620D /* Game_Standford */,
			);
		};
/* End PBXProject section */

/* Begin PBXResourcesBuildPhase section */
		5E4A2E4725C3F6B10067620D /* Resources */ = {
			isa = PBXResourcesBuildPhase;
			buildActionMask = 2147483647;
			files = (
				5E4A2E5925C3F6B50067620D /* LaunchScreen.storyboard in Resources */,
				5E4A2E5625C3F6B50067620D /* Assets.xcassets in Resources */,
				5E4A2E5425C3F6B10067620D /* Main.storyboard in Resources */,
			);
			runOnlyForDeploymentPostprocessing = 0;
		};
/* End PBXResourcesBuildPhase section */

/* Begin PBXSourcesBuildPhase section */
		5E4A2E4525C3F6B10067620D /* Sources */ = {
			isa = PBXSourcesBuildPhase;
			buildActionMask = 2147483647;
			files = (
				5E4A2E5125C3F6B10067620D /* ViewController.swift in Sources */,
				5E4A2E4D25C3F6B10067620D /* AppDelegate.swift in Sources */,
				5E4A2E4F25C3F6B10067620D /* SceneDelegate.swift in Sources */,
			);
			runOnlyForDeploymentPostprocessing = 0;
		};
/* End PBXSourcesBuildPhase section */

/* Begin PBXVariantGroup section */
		5E4A2E5225C3F6B10067620D /* Main.storyboard */ = {
			isa = PBXVariantGroup;
			children = (
				5E4A2E5325C3F6B10067620D /* Base */,
			);
			name = Main.storyboard;
			sourceTree = "<group>";
		};
		5E4A2E5725C3F6B50067620D /* LaunchScreen.storyboard */ = {
			isa = PBXVariantGroup;
			children = (
				5E4A2E5825C3F6B50067620D /* Base */,
			);
			name = LaunchScreen.storyboard;
			sourceTree = "<group>";
		};
/* End PBXVariantGroup section */

/* Begin XCBuildConfiguration section */
		5E4A2E5B25C3F6B50067620D /* Debug */ = {
			isa = XCBuildConfiguration;
			buildSettings = {
				ALWAYS_SEARCH_USER_PATHS = NO;
				CLANG_ANALYZER_NONNULL = YES;
				CLANG_ANALYZER_NUMBER_OBJECT_CONVERSION = YES_AGGRESSIVE;
				CLANG_CXX_LANGUAGE_STANDARD = "gnu++14";
				CLANG_CXX_LIBRARY = "libc++";
				CLANG_ENABLE_MODULES = YES;
				CLANG_ENABLE_OBJC_ARC = YES;
				CLANG_ENABLE_OBJC_WEAK = YES;
				CLANG_WARN_BLOCK_CAPTURE_AUTORELEASING = YES;
				CLANG_WARN_BOOL_CONVERSION = YES;
				CLANG_WARN_COMMA = YES;
				CLANG_WARN_CONSTANT_CONVERSION = YES;
				CLANG_WARN_DEPRECATED_OBJC_IMPLEMENTATIONS = YES;
				CLANG_WARN_DIRECT_OBJC_ISA_USAGE = YES_ERROR;
				CLANG_WARN_DOCUMENTATION_COMMENTS = YES;
				CLANG_WARN_EMPTY_BODY = YES;
				CLANG_WARN_ENUM_CONVERSION = YES;
				CLANG_WARN_INFINITE_RECURSION = YES;
				CLANG_WARN_INT_CONVERSION = YES;
				CLANG_WARN_NON_LITERAL_NULL_CONVERSION = YES;
				CLANG_WARN_OBJC_IMPLICIT_RETAIN_SELF = YES;
				CLANG_WARN_OBJC_LITERAL_CONVERSION = YES;
				CLANG_WARN_OBJC_ROOT_CLASS = YES_ERROR;
				CLANG_WARN_RANGE_LOOP_ANALYSIS = YES;
				CLANG_WARN_STRICT_PROTOTYPES = YES;
				CLANG_WARN_SUSPICIOUS_MOVE = YES;
				CLANG_WARN_UNGUARDED_AVAILABILITY = YES_AGGRESSIVE;
				CLANG_WARN_UNREACHABLE_CODE = YES;
				CLANG_WARN__DUPLICATE_METHOD_MATCH = YES;
				COPY_PHASE_STRIP = NO;
				DEBUG_INFORMATION_FORMAT = dwarf;
				ENABLE_STRICT_OBJC_MSGSEND = YES;
				ENABLE_TESTABILITY = YES;
				GCC_C_LANGUAGE_STANDARD = gnu11;
				GCC_DYNAMIC_NO_PIC = NO;
				GCC_NO_COMMON_BLOCKS = YES;
				GCC_OPTIMIZATION_LEVEL = 0;
				GCC_PREPROCESSOR_DEFINITIONS = (
					"DEBUG=1",
					"$(inherited)",
				);
				GCC_WARN_64_TO_32_BIT_CONVERSION = YES;
				GCC_WARN_ABOUT_RETURN_TYPE = YES_ERROR;
				GCC_WARN_UNDECLARED_SELECTOR = YES;
				GCC_WARN_UNINITIALIZED_AUTOS = YES_AGGRESSIVE;
				GCC_WARN_UNUSED_FUNCTION = YES;
				GCC_WARN_UNUSED_VARIABLE = YES;
				IPHONEOS_DEPLOYMENT_TARGET = 13.6;
				MTL_ENABLE_DEBUG_INFO = INCLUDE_SOURCE;
				MTL_FAST_MATH = YES;
				ONLY_ACTIVE_ARCH = YES;
				SDKROOT = iphoneos;
				SWIFT_ACTIVE_COMPILATION_CONDITIONS = DEBUG;
				SWIFT_OPTIMIZATION_LEVEL = "-Onone";
			};
			name = Debug;
		};
		5E4A2E5C25C3F6B50067620D /* Release */ = {
			isa = XCBuildConfiguration;
			buildSettings = {
				ALWAYS_SEARCH_USER_PATHS = NO;
				CLANG_ANALYZER_NONNULL = YES;
				CLANG_ANALYZER_NUMBER_OBJECT_CONVERSION = YES_AGGRESSIVE;
				CLANG_CXX_LANGUAGE_STANDARD = "gnu++14";
				CLANG_CXX_LIBRARY = "libc++";
				CLANG_ENABLE_MODULES = YES;
				CLANG_ENABLE_OBJC_ARC = YES;
				CLANG_ENABLE_OBJC_WEAK = YES;
				CLANG_WARN_BLOCK_CAPTURE_AUTORELEASING = YES;
				CLANG_WARN_BOOL_CONVERSION = YES;
				CLANG_WARN_COMMA = YES;
				CLANG_WARN_CONSTANT_CONVERSION = YES;
				CLANG_WARN_DEPRECATED_OBJC_IMPLEMENTATIONS = YES;
				CLANG_WARN_DIRECT_OBJC_ISA_USAGE = YES_ERROR;
				CLANG_WARN_DOCUMENTATION_COMMENTS = YES;
				CLANG_WARN_EMPTY_BODY = YES;
				CLANG_WARN_ENUM_CONVERSION = YES;
				CLANG_WARN_INFINITE_RECURSION = YES;
				CLANG_WARN_INT_CONVERSION = YES;
				CLANG_WARN_NON_LITERAL_NULL_CONVERSION = YES;
				CLANG_WARN_OBJC_IMPLICIT_RETAIN_SELF = YES;
				CLANG_WARN_OBJC_LITERAL_CONVERSION = YES;
				CLANG_WARN_OBJC_ROOT_CLASS = YES_ERROR;
				CLANG_WARN_RANGE_LOOP_ANALYSIS = YES;
				CLANG_WARN_STRICT_PROTOTYPES = YES;
				CLANG_WARN_SUSPICIOUS_MOVE = YES;
				CLANG_WARN_UNGUARDED_AVAILABILITY = YES_AGGRESSIVE;
				CLANG_WARN_UNREACHABLE_CODE = YES;
				CLANG_WARN__DUPLICATE_METHOD_MATCH = YES;
				COPY_PHASE_STRIP = NO;
				DEBUG_INFORMATION_FORMAT = "dwarf-with-dsym";
				ENABLE_NS_ASSERTIONS = NO;
				ENABLE_STRICT_OBJC_MSGSEND = YES;
				GCC_C_LANGUAGE_STANDARD = gnu11;
				GCC_NO_COMMON_BLOCKS = YES;
				GCC_WARN_64_TO_32_BIT_CONVERSION = YES;
				GCC_WARN_ABOUT_RETURN_TYPE = YES_ERROR;
				GCC_WARN_UNDECLARED_SELECTOR = YES;
				GCC_WARN_UNINITIALIZED_AUTOS = YES_AGGRESSIVE;
				GCC_WARN_UNUSED_FUNCTION = YES;
				GCC_WARN_UNUSED_VARIABLE = YES;
				IPHONEOS_DEPLOYMENT_TARGET = 13.6;
				MTL_ENABLE_DEBUG_INFO = NO;
				MTL_FAST_MATH = YES;
				SDKROOT = iphoneos;
				SWIFT_COMPILATION_MODE = wholemodule;
				SWIFT_OPTIMIZATION_LEVEL = "-O";
				VALIDATE_PRODUCT = YES;
			};
			name = Release;
		};
		5E4A2E5E25C3F6B50067620D /* Debug */ = {
			isa = XCBuildConfiguration;
			buildSettings = {
				ASSETCATALOG_COMPILER_APPICON_NAME = AppIcon;
				CODE_SIGN_STYLE = Automatic;
				DEVELOPMENT_TEAM = JMPK4L27G6;
				INFOPLIST_FILE = Game_Standford/Info.plist;
				LD_RUNPATH_SEARCH_PATHS = (
					"$(inherited)",
					"@executable_path/Frameworks",
				);
				PRODUCT_BUNDLE_IDENTIFIER = "com.serrasaracoglu.test.Game-Standford";
				PRODUCT_NAME = "$(TARGET_NAME)";
				SWIFT_VERSION = 5.0;
				TARGETED_DEVICE_FAMILY = "1,2";
			};
			name = Debug;
		};
		5E4A2E5F25C3F6B50067620D /* Release */ = {
			isa = XCBuildConfiguration;
			buildSettings = {
				ASSETCATALOG_COMPILER_APPICON_NAME = AppIcon;
				CODE_SIGN_STYLE = Automatic;
				DEVELOPMENT_TEAM = JMPK4L27G6;
				INFOPLIST_FILE = Game_Standford/Info.plist;
				LD_RUNPATH_SEARCH_PATHS = (
					"$(inherited)",
					"@executable_path/Frameworks",
				);
				PRODUCT_BUNDLE_IDENTIFIER = "com.serrasaracoglu.test.Game-Standford";
				PRODUCT_NAME = "$(TARGET_NAME)";
				SWIFT_VERSION = 5.0;
				TARGETED_DEVICE_FAMILY = "1,2";
			};
			name = Release;
		};
/* End XCBuildConfiguration section */

/* Begin XCConfigurationList section */
		5E4A2E4425C3F6B10067620D /* Build configuration list for PBXProject "Game_Standford" */ = {
			isa = XCConfigurationList;
			buildConfigurations = (
				5E4A2E5B25C3F6B50067620D /* Debug */,
				5E4A2E5C25C3F6B50067620D /* Release */,
			);
			defaultConfigurationIsVisible = 0;
			defaultConfigurationName = Release;
		};
		5E4A2E5D25C3F6B50067620D /* Build configuration list for PBXNativeTarget "Game_Standford" */ = {
			isa = XCConfigurationList;
			buildConfigurations = (
				5E4A2E5E25C3F6B50067620D /* Debug */,
				5E4A2E5F25C3F6B50067620D /* Release */,
			);
			defaultConfigurationIsVisible = 0;
			defaultConfigurationName = Release;
		};
/* End XCConfigurationList section */
	};
	rootObject = 5E4A2E4125C3F6B10067620D /* Project object */;
}
